// !$*UTF8*$!
{
	archiveVersion = 1;
	classes = {
	};
	objectVersion = 50;
	objects = {

/* Begin PBXBuildFile section */
		1DFDCFE3242758FC00B23EF3 /* AppDelegate.swift in Sources */ = {isa = PBXBuildFile; fileRef = 1DFDCFE2242758FC00B23EF3 /* AppDelegate.swift */; };
		1DFDCFE5242758FC00B23EF3 /* SceneDelegate.swift in Sources */ = {isa = PBXBuildFile; fileRef = 1DFDCFE4242758FC00B23EF3 /* SceneDelegate.swift */; };
		1DFDCFE7242758FC00B23EF3 /* CalculatorViewController.swift in Sources */ = {isa = PBXBuildFile; fileRef = 1DFDCFE6242758FC00B23EF3 /* CalculatorViewController.swift */; };
		1DFDCFEA242758FC00B23EF3 /* Main.storyboard in Resources */ = {isa = PBXBuildFile; fileRef = 1DFDCFE8242758FC00B23EF3 /* Main.storyboard */; };
		1DFDCFEC242758FD00B23EF3 /* Assets.xcassets in Resources */ = {isa = PBXBuildFile; fileRef = 1DFDCFEB242758FD00B23EF3 /* Assets.xcassets */; };
		1DFDCFEF242758FD00B23EF3 /* LaunchScreen.storyboard in Resources */ = {isa = PBXBuildFile; fileRef = 1DFDCFED242758FD00B23EF3 /* LaunchScreen.storyboard */; };
		1DFDCFF824275F1600B23EF3 /* ResultViewController.swift in Sources */ = {isa = PBXBuildFile; fileRef = 1DFDCFF724275F1600B23EF3 /* ResultViewController.swift */; };
		1DFDCFFA24275F4A00B23EF3 /* CalculatorBrain.swift in Sources */ = {isa = PBXBuildFile; fileRef = 1DFDCFF924275F4A00B23EF3 /* CalculatorBrain.swift */; };
		1DFDCFFD24275F6800B23EF3 /* BMI.swift in Sources */ = {isa = PBXBuildFile; fileRef = 1DFDCFFC24275F6800B23EF3 /* BMI.swift */; };
/* End PBXBuildFile section */

/* Begin PBXFileReference section */
		1DFDCFDF242758FC00B23EF3 /* BMI Calculator.app */ = {isa = PBXFileReference; explicitFileType = wrapper.application; includeInIndex = 0; path = "BMI Calculator.app"; sourceTree = BUILT_PRODUCTS_DIR; };
		1DFDCFE2242758FC00B23EF3 /* AppDelegate.swift */ = {isa = PBXFileReference; lastKnownFileType = sourcecode.swift; path = AppDelegate.swift; sourceTree = "<group>"; };
		1DFDCFE4242758FC00B23EF3 /* SceneDelegate.swift */ = {isa = PBXFileReference; lastKnownFileType = sourcecode.swift; path = SceneDelegate.swift; sourceTree = "<group>"; };
		1DFDCFE6242758FC00B23EF3 /* CalculatorViewController.swift */ = {isa = PBXFileReference; lastKnownFileType = sourcecode.swift; path = CalculatorViewController.swift; sourceTree = "<group>"; };
		1DFDCFE9242758FC00B23EF3 /* Base */ = {isa = PBXFileReference; lastKnownFileType = file.storyboard; name = Base; path = Base.lproj/Main.storyboard; sourceTree = "<group>"; };
		1DFDCFEB242758FD00B23EF3 /* Assets.xcassets */ = {isa = PBXFileReference; lastKnownFileType = folder.assetcatalog; path = Assets.xcassets; sourceTree = "<group>"; };
		1DFDCFEE242758FD00B23EF3 /* Base */ = {isa = PBXFileReference; lastKnownFileType = file.storyboard; name = Base; path = Base.lproj/LaunchScreen.storyboard; sourceTree = "<group>"; };
		1DFDCFF0242758FD00B23EF3 /* Info.plist */ = {isa = PBXFileReference; lastKnownFileType = text.plist.xml; path = Info.plist; sourceTree = "<group>"; };
		1DFDCFF724275F1600B23EF3 /* ResultViewController.swift */ = {isa = PBXFileReference; lastKnownFileType = sourcecode.swift; path = ResultViewController.swift; sourceTree = "<group>"; };
		1DFDCFF924275F4A00B23EF3 /* CalculatorBrain.swift */ = {isa = PBXFileReference; lastKnownFileType = sourcecode.swift; path = CalculatorBrain.swift; sourceTree = "<group>"; };
		1DFDCFFC24275F6800B23EF3 /* BMI.swift */ = {isa = PBXFileReference; lastKnownFileType = sourcecode.swift; path = BMI.swift; sourceTree = "<group>"; };
/* End PBXFileReference section */

/* Begin PBXFrameworksBuildPhase section */
		1DFDCFDC242758FC00B23EF3 /* Frameworks */ = {
			isa = PBXFrameworksBuildPhase;
			buildActionMask = 2147483647;
			files = (
			);
			runOnlyForDeploymentPostprocessing = 0;
		};
/* End PBXFrameworksBuildPhase section */

/* Begin PBXGroup section */
		1DFDCFD6242758FC00B23EF3 = {
			isa = PBXGroup;
			children = (
				1DFDCFE1242758FC00B23EF3 /* BMI Calculator */,
				1DFDCFE0242758FC00B23EF3 /* Products */,
			);
			sourceTree = "<group>";
		};
		1DFDCFE0242758FC00B23EF3 /* Products */ = {
			isa = PBXGroup;
			children = (
				1DFDCFDF242758FC00B23EF3 /* BMI Calculator.app */,
			);
			name = Products;
			sourceTree = "<group>";
		};
		1DFDCFE1242758FC00B23EF3 /* BMI Calculator */ = {
			isa = PBXGroup;
			children = (
				1DFDCFE2242758FC00B23EF3 /* AppDelegate.swift */,
				1DFDCFE4242758FC00B23EF3 /* SceneDelegate.swift */,
				1DFDCFFB24275F5100B23EF3 /* Model */,
				1DFDCFF624275DEC00B23EF3 /* Controller */,
				1DFDCFFE242764D400B23EF3 /* View */,
				1DFDCFEB242758FD00B23EF3 /* Assets.xcassets */,
				1DFDCFED242758FD00B23EF3 /* LaunchScreen.storyboard */,
				1DFDCFF0242758FD00B23EF3 /* Info.plist */,
			);
			path = "BMI Calculator";
			sourceTree = "<group>";
		};
		1DFDCFF624275DEC00B23EF3 /* Controller */ = {
			isa = PBXGroup;
			children = (
				1DFDCFE6242758FC00B23EF3 /* CalculatorViewController.swift */,
				1DFDCFF724275F1600B23EF3 /* ResultViewController.swift */,
			);
			path = Controller;
			sourceTree = "<group>";
		};
		1DFDCFFB24275F5100B23EF3 /* Model */ = {
			isa = PBXGroup;
			children = (
				1DFDCFF924275F4A00B23EF3 /* CalculatorBrain.swift */,
				1DFDCFFC24275F6800B23EF3 /* BMI.swift */,
			);
			path = Model;
			sourceTree = "<group>";
		};
		1DFDCFFE242764D400B23EF3 /* View */ = {
			isa = PBXGroup;
			children = (
				1DFDCFE8242758FC00B23EF3 /* Main.storyboard */,
			);
			path = View;
			sourceTree = "<group>";
		};
/* End PBXGroup section */

/* Begin PBXNativeTarget section */
		1DFDCFDE242758FC00B23EF3 /* BMI Calculator */ = {
			isa = PBXNativeTarget;
			buildConfigurationList = 1DFDCFF3242758FD00B23EF3 /* Build configuration list for PBXNativeTarget "BMI Calculator" */;
			buildPhases = (
				1DFDCFDB242758FC00B23EF3 /* Sources */,
				1DFDCFDC242758FC00B23EF3 /* Frameworks */,
				1DFDCFDD242758FC00B23EF3 /* Resources */,
			);
			buildRules = (
			);
			dependencies = (
			);
			name = "BMI Calculator";
			productName = "BMI Calculator";
			productReference = 1DFDCFDF242758FC00B23EF3 /* BMI Calculator.app */;
			productType = "com.apple.product-type.application";
		};
/* End PBXNativeTarget section */

/* Begin PBXProject section */
		1DFDCFD7242758FC00B23EF3 /* Project object */ = {
			isa = PBXProject;
			attributes = {
				LastSwiftUpdateCheck = 1130;
				LastUpgradeCheck = 1130;
				ORGANIZATIONNAME = "RANGA REDDY NUKALA";
				TargetAttributes = {
					1DFDCFDE242758FC00B23EF3 = {
						CreatedOnToolsVersion = 11.3.1;
					};
				};
			};
			buildConfigurationList = 1DFDCFDA242758FC00B23EF3 /* Build configuration list for PBXProject "BMI Calculator" */;
			compatibilityVersion = "Xcode 9.3";
			developmentRegion = en;
			hasScannedForEncodings = 0;
			knownRegions = (
				en,
				Base,
			);
			mainGroup = 1DFDCFD6242758FC00B23EF3;
			productRefGroup = 1DFDCFE0242758FC00B23EF3 /* Products */;
			projectDirPath = "";
			projectRoot = "";
			targets = (
				1DFDCFDE242758FC00B23EF3 /* BMI Calculator */,
			);
		};
/* End PBXProject section */

/* Begin PBXResourcesBuildPhase section */
		1DFDCFDD242758FC00B23EF3 /* Resources */ = {
			isa = PBXResourcesBuildPhase;
			buildActionMask = 2147483647;
			files = (
				1DFDCFEF242758FD00B23EF3 /* LaunchScreen.storyboard in Resources */,
				1DFDCFEC242758FD00B23EF3 /* Assets.xcassets in Resources */,
				1DFDCFEA242758FC00B23EF3 /* Main.storyboard in Resources */,
			);
			runOnlyForDeploymentPostprocessing = 0;
		};
/* End PBXResourcesBuildPhase section */

/* Begin PBXSourcesBuildPhase section */
		1DFDCFDB242758FC00B23EF3 /* Sources */ = {
			isa = PBXSourcesBuildPhase;
			buildActionMask = 2147483647;
			files = (
				1DFDCFE7242758FC00B23EF3 /* CalculatorViewController.swift in Sources */,
				1DFDCFE3242758FC00B23EF3 /* AppDelegate.swift in Sources */,
				1DFDCFE5242758FC00B23EF3 /* SceneDelegate.swift in Sources */,
				1DFDCFFA24275F4A00B23EF3 /* CalculatorBrain.swift in Sources */,
				1DFDCFFD24275F6800B23EF3 /* BMI.swift in Sources */,
				1DFDCFF824275F1600B23EF3 /* ResultViewController.swift in Sources */,
			);
			runOnlyForDeploymentPostprocessing = 0;
		};
/* End PBXSourcesBuildPhase section */

/* Begin PBXVariantGroup section */
		1DFDCFE8242758FC00B23EF3 /* Main.storyboard */ = {
			isa = PBXVariantGroup;
			children = (
				1DFDCFE9242758FC00B23EF3 /* Base */,
			);
			name = Main.storyboard;
			sourceTree = "<group>";
		};
		1DFDCFED242758FD00B23EF3 /* LaunchScreen.storyboard */ = {
			isa = PBXVariantGroup;
			children = (
				1DFDCFEE242758FD00B23EF3 /* Base */,
			);
			name = LaunchScreen.storyboard;
			sourceTree = "<group>";
		};
/* End PBXVariantGroup section */

/* Begin XCBuildConfiguration section */
		1DFDCFF1242758FD00B23EF3 /* Debug */ = {
			isa = XCBuildConfiguration;
			buildSettings = {
				ALWAYS_SEARCH_USER_PATHS = NO;
				CLANG_ANALYZER_NONNULL = YES;
				CLANG_ANALYZER_NUMBER_OBJECT_CONVERSION = YES_AGGRESSIVE;
				CLANG_CXX_LANGUAGE_STANDARD = "gnu++14";
				CLANG_CXX_LIBRARY = "libc++";
				CLANG_ENABLE_MODULES = YES;
				CLANG_ENABLE_OBJC_ARC = YES;
				CLANG_ENABLE_OBJC_WEAK = YES;
				CLANG_WARN_BLOCK_CAPTURE_AUTORELEASING = YES;
				CLANG_WARN_BOOL_CONVERSION = YES;
				CLANG_WARN_COMMA = YES;
				CLANG_WARN_CONSTANT_CONVERSION = YES;
				CLANG_WARN_DEPRECATED_OBJC_IMPLEMENTATIONS = YES;
				CLANG_WARN_DIRECT_OBJC_ISA_USAGE = YES_ERROR;
				CLANG_WARN_DOCUMENTATION_COMMENTS = YES;
				CLANG_WARN_EMPTY_BODY = YES;
				CLANG_WARN_ENUM_CONVERSION = YES;
				CLANG_WARN_INFINITE_RECURSION = YES;
				CLANG_WARN_INT_CONVERSION = YES;
				CLANG_WARN_NON_LITERAL_NULL_CONVERSION = YES;
				CLANG_WARN_OBJC_IMPLICIT_RETAIN_SELF = YES;
				CLANG_WARN_OBJC_LITERAL_CONVERSION = YES;
				CLANG_WARN_OBJC_ROOT_CLASS = YES_ERROR;
				CLANG_WARN_RANGE_LOOP_ANALYSIS = YES;
				CLANG_WARN_STRICT_PROTOTYPES = YES;
				CLANG_WARN_SUSPICIOUS_MOVE = YES;
				CLANG_WARN_UNGUARDED_AVAILABILITY = YES_AGGRESSIVE;
				CLANG_WARN_UNREACHABLE_CODE = YES;
				CLANG_WARN__DUPLICATE_METHOD_MATCH = YES;
				COPY_PHASE_STRIP = NO;
				DEBUG_INFORMATION_FORMAT = dwarf;
				ENABLE_STRICT_OBJC_MSGSEND = YES;
				ENABLE_TESTABILITY = YES;
				GCC_C_LANGUAGE_STANDARD = gnu11;
				GCC_DYNAMIC_NO_PIC = NO;
				GCC_NO_COMMON_BLOCKS = YES;
				GCC_OPTIMIZATION_LEVEL = 0;
				GCC_PREPROCESSOR_DEFINITIONS = (
					"DEBUG=1",
					"$(inherited)",
				);
				GCC_WARN_64_TO_32_BIT_CONVERSION = YES;
				GCC_WARN_ABOUT_RETURN_TYPE = YES_ERROR;
				GCC_WARN_UNDECLARED_SELECTOR = YES;
				GCC_WARN_UNINITIALIZED_AUTOS = YES_AGGRESSIVE;
				GCC_WARN_UNUSED_FUNCTION = YES;
				GCC_WARN_UNUSED_VARIABLE = YES;
				IPHONEOS_DEPLOYMENT_TARGET = 13.2;
				MTL_ENABLE_DEBUG_INFO = INCLUDE_SOURCE;
				MTL_FAST_MATH = YES;
				ONLY_ACTIVE_ARCH = YES;
				SDKROOT = iphoneos;
				SWIFT_ACTIVE_COMPILATION_CONDITIONS = DEBUG;
				SWIFT_OPTIMIZATION_LEVEL = "-Onone";
			};
			name = Debug;
		};
		1DFDCFF2242758FD00B23EF3 /* Release */ = {
			isa = XCBuildConfiguration;
			buildSettings = {
				ALWAYS_SEARCH_USER_PATHS = NO;
				CLANG_ANALYZER_NONNULL = YES;
				CLANG_ANALYZER_NUMBER_OBJECT_CONVERSION = YES_AGGRESSIVE;
				CLANG_CXX_LANGUAGE_STANDARD = "gnu++14";
				CLANG_CXX_LIBRARY = "libc++";
				CLANG_ENABLE_MODULES = YES;
				CLANG_ENABLE_OBJC_ARC = YES;
				CLANG_ENABLE_OBJC_WEAK = YES;
				CLANG_WARN_BLOCK_CAPTURE_AUTORELEASING = YES;
				CLANG_WARN_BOOL_CONVERSION = YES;
				CLANG_WARN_COMMA = YES;
				CLANG_WARN_CONSTANT_CONVERSION = YES;
				CLANG_WARN_DEPRECATED_OBJC_IMPLEMENTATIONS = YES;
				CLANG_WARN_DIRECT_OBJC_ISA_USAGE = YES_ERROR;
				CLANG_WARN_DOCUMENTATION_COMMENTS = YES;
				CLANG_WARN_EMPTY_BODY = YES;
				CLANG_WARN_ENUM_CONVERSION = YES;
				CLANG_WARN_INFINITE_RECURSION = YES;
				CLANG_WARN_INT_CONVERSION = YES;
				CLANG_WARN_NON_LITERAL_NULL_CONVERSION = YES;
				CLANG_WARN_OBJC_IMPLICIT_RETAIN_SELF = YES;
				CLANG_WARN_OBJC_LITERAL_CONVERSION = YES;
				CLANG_WARN_OBJC_ROOT_CLASS = YES_ERROR;
				CLANG_WARN_RANGE_LOOP_ANALYSIS = YES;
				CLANG_WARN_STRICT_PROTOTYPES = YES;
				CLANG_WARN_SUSPICIOUS_MOVE = YES;
				CLANG_WARN_UNGUARDED_AVAILABILITY = YES_AGGRESSIVE;
				CLANG_WARN_UNREACHABLE_CODE = YES;
				CLANG_WARN__DUPLICATE_METHOD_MATCH = YES;
				COPY_PHASE_STRIP = NO;
				DEBUG_INFORMATION_FORMAT = "dwarf-with-dsym";
				ENABLE_NS_ASSERTIONS = NO;
				ENABLE_STRICT_OBJC_MSGSEND = YES;
				GCC_C_LANGUAGE_STANDARD = gnu11;
				GCC_NO_COMMON_BLOCKS = YES;
				GCC_WARN_64_TO_32_BIT_CONVERSION = YES;
				GCC_WARN_ABOUT_RETURN_TYPE = YES_ERROR;
				GCC_WARN_UNDECLARED_SELECTOR = YES;
				GCC_WARN_UNINITIALIZED_AUTOS = YES_AGGRESSIVE;
				GCC_WARN_UNUSED_FUNCTION = YES;
				GCC_WARN_UNUSED_VARIABLE = YES;
				IPHONEOS_DEPLOYMENT_TARGET = 13.2;
				MTL_ENABLE_DEBUG_INFO = NO;
				MTL_FAST_MATH = YES;
				SDKROOT = iphoneos;
				SWIFT_COMPILATION_MODE = wholemodule;
				SWIFT_OPTIMIZATION_LEVEL = "-O";
				VALIDATE_PRODUCT = YES;
			};
			name = Release;
		};
		1DFDCFF4242758FD00B23EF3 /* Debug */ = {
			isa = XCBuildConfiguration;
			buildSettings = {
				ASSETCATALOG_COMPILER_APPICON_NAME = AppIcon;
				CODE_SIGN_STYLE = Automatic;
				INFOPLIST_FILE = "BMI Calculator/Info.plist";
				LD_RUNPATH_SEARCH_PATHS = (
					"$(inherited)",
					"@executable_path/Frameworks",
				);
				PRODUCT_BUNDLE_IDENTIFIER = "com.rangareddy.BMI-Calculator";
				PRODUCT_NAME = "$(TARGET_NAME)";
				SWIFT_VERSION = 5.0;
				TARGETED_DEVICE_FAMILY = "1,2";
			};
			name = Debug;
		};
		1DFDCFF5242758FD00B23EF3 /* Release */ = {
			isa = XCBuildConfiguration;
			buildSettings = {
				ASSETCATALOG_COMPILER_APPICON_NAME = AppIcon;
				CODE_SIGN_STYLE = Automatic;
				INFOPLIST_FILE = "BMI Calculator/Info.plist";
				LD_RUNPATH_SEARCH_PATHS = (
					"$(inherited)",
					"@executable_path/Frameworks",
				);
				PRODUCT_BUNDLE_IDENTIFIER = "com.rangareddy.BMI-Calculator";
				PRODUCT_NAME = "$(TARGET_NAME)";
				SWIFT_VERSION = 5.0;
				TARGETED_DEVICE_FAMILY = "1,2";
			};
			name = Release;
		};
/* End XCBuildConfiguration section */

/* Begin XCConfigurationList section */
		1DFDCFDA242758FC00B23EF3 /* Build configuration list for PBXProject "BMI Calculator" */ = {
			isa = XCConfigurationList;
			buildConfigurations = (
				1DFDCFF1242758FD00B23EF3 /* Debug */,
				1DFDCFF2242758FD00B23EF3 /* Release */,
			);
			defaultConfigurationIsVisible = 0;
			defaultConfigurationName = Release;
		};
		1DFDCFF3242758FD00B23EF3 /* Build configuration list for PBXNativeTarget "BMI Calculator" */ = {
			isa = XCConfigurationList;
			buildConfigurations = (
				1DFDCFF4242758FD00B23EF3 /* Debug */,
				1DFDCFF5242758FD00B23EF3 /* Release */,
			);
			defaultConfigurationIsVisible = 0;
			defaultConfigurationName = Release;
		};
/* End XCConfigurationList section */
	};
	rootObject = 1DFDCFD7242758FC00B23EF3 /* Project object */;
}
