// !$*UTF8*$!
{
	archiveVersion = 1;
	classes = {
	};
	objectVersion = 50;
	objects = {

/* Begin PBXBuildFile section */
		1D4DEF1E240ACB5E00BB078A /* AppDelegate.swift in Sources */ = {isa = PBXBuildFile; fileRef = 1D4DEF1D240ACB5E00BB078A /* AppDelegate.swift */; };
		1D4DEF20240ACB5E00BB078A /* SceneDelegate.swift in Sources */ = {isa = PBXBuildFile; fileRef = 1D4DEF1F240ACB5E00BB078A /* SceneDelegate.swift */; };
		1D4DEF22240ACB5E00BB078A /* ViewController.swift in Sources */ = {isa = PBXBuildFile; fileRef = 1D4DEF21240ACB5E00BB078A /* ViewController.swift */; };
		1D4DEF25240ACB5E00BB078A /* Main.storyboard in Resources */ = {isa = PBXBuildFile; fileRef = 1D4DEF23240ACB5E00BB078A /* Main.storyboard */; };
		1D4DEF27240ACB5F00BB078A /* Assets.xcassets in Resources */ = {isa = PBXBuildFile; fileRef = 1D4DEF26240ACB5F00BB078A /* Assets.xcassets */; };
		1D4DEF2A240ACB5F00BB078A /* LaunchScreen.storyboard in Resources */ = {isa = PBXBuildFile; fileRef = 1D4DEF28240ACB5F00BB078A /* LaunchScreen.storyboard */; };
		1D4DEF34240B9AA900BB078A /* starbucks.mp3 in Resources */ = {isa = PBXBuildFile; fileRef = 1D4DEF33240B9AA900BB078A /* starbucks.mp3 */; };
/* End PBXBuildFile section */

/* Begin PBXFileReference section */
		1D4DEF1A240ACB5E00BB078A /* Starbucks.app */ = {isa = PBXFileReference; explicitFileType = wrapper.application; includeInIndex = 0; path = Starbucks.app; sourceTree = BUILT_PRODUCTS_DIR; };
		1D4DEF1D240ACB5E00BB078A /* AppDelegate.swift */ = {isa = PBXFileReference; lastKnownFileType = sourcecode.swift; path = AppDelegate.swift; sourceTree = "<group>"; };
		1D4DEF1F240ACB5E00BB078A /* SceneDelegate.swift */ = {isa = PBXFileReference; lastKnownFileType = sourcecode.swift; path = SceneDelegate.swift; sourceTree = "<group>"; };
		1D4DEF21240ACB5E00BB078A /* ViewController.swift */ = {isa = PBXFileReference; lastKnownFileType = sourcecode.swift; path = ViewController.swift; sourceTree = "<group>"; };
		1D4DEF24240ACB5E00BB078A /* Base */ = {isa = PBXFileReference; lastKnownFileType = file.storyboard; name = Base; path = Base.lproj/Main.storyboard; sourceTree = "<group>"; };
		1D4DEF26240ACB5F00BB078A /* Assets.xcassets */ = {isa = PBXFileReference; lastKnownFileType = folder.assetcatalog; path = Assets.xcassets; sourceTree = "<group>"; };
		1D4DEF29240ACB5F00BB078A /* Base */ = {isa = PBXFileReference; lastKnownFileType = file.storyboard; name = Base; path = Base.lproj/LaunchScreen.storyboard; sourceTree = "<group>"; };
		1D4DEF2B240ACB5F00BB078A /* Info.plist */ = {isa = PBXFileReference; lastKnownFileType = text.plist.xml; path = Info.plist; sourceTree = "<group>"; };
		1D4DEF33240B9AA900BB078A /* starbucks.mp3 */ = {isa = PBXFileReference; lastKnownFileType = audio.mp3; name = starbucks.mp3; path = ../../../../../../Downloads/starbucks.mp3; sourceTree = "<group>"; };
/* End PBXFileReference section */

/* Begin PBXFrameworksBuildPhase section */
		1D4DEF17240ACB5E00BB078A /* Frameworks */ = {
			isa = PBXFrameworksBuildPhase;
			buildActionMask = 2147483647;
			files = (
			);
			runOnlyForDeploymentPostprocessing = 0;
		};
/* End PBXFrameworksBuildPhase section */

/* Begin PBXGroup section */
		1D4DEF11240ACB5E00BB078A = {
			isa = PBXGroup;
			children = (
				1D4DEF1C240ACB5E00BB078A /* Starbucks */,
				1D4DEF1B240ACB5E00BB078A /* Products */,
			);
			sourceTree = "<group>";
		};
		1D4DEF1B240ACB5E00BB078A /* Products */ = {
			isa = PBXGroup;
			children = (
				1D4DEF1A240ACB5E00BB078A /* Starbucks.app */,
			);
			name = Products;
			sourceTree = "<group>";
		};
		1D4DEF1C240ACB5E00BB078A /* Starbucks */ = {
			isa = PBXGroup;
			children = (
				1D4DEF1D240ACB5E00BB078A /* AppDelegate.swift */,
				1D4DEF1F240ACB5E00BB078A /* SceneDelegate.swift */,
				1D4DEF21240ACB5E00BB078A /* ViewController.swift */,
				1D4DEF23240ACB5E00BB078A /* Main.storyboard */,
				1D4DEF26240ACB5F00BB078A /* Assets.xcassets */,
				1D4DEF28240ACB5F00BB078A /* LaunchScreen.storyboard */,
				1D4DEF2B240ACB5F00BB078A /* Info.plist */,
				1D4DEF33240B9AA900BB078A /* starbucks.mp3 */,
			);
			path = Starbucks;
			sourceTree = "<group>";
		};
/* End PBXGroup section */

/* Begin PBXNativeTarget section */
		1D4DEF19240ACB5E00BB078A /* Starbucks */ = {
			isa = PBXNativeTarget;
			buildConfigurationList = 1D4DEF2E240ACB5F00BB078A /* Build configuration list for PBXNativeTarget "Starbucks" */;
			buildPhases = (
				1D4DEF16240ACB5E00BB078A /* Sources */,
				1D4DEF17240ACB5E00BB078A /* Frameworks */,
				1D4DEF18240ACB5E00BB078A /* Resources */,
			);
			buildRules = (
			);
			dependencies = (
			);
			name = Starbucks;
			productName = Starbucks;
			productReference = 1D4DEF1A240ACB5E00BB078A /* Starbucks.app */;
			productType = "com.apple.product-type.application";
		};
/* End PBXNativeTarget section */

/* Begin PBXProject section */
		1D4DEF12240ACB5E00BB078A /* Project object */ = {
			isa = PBXProject;
			attributes = {
				LastSwiftUpdateCheck = 1130;
				LastUpgradeCheck = 1130;
				ORGANIZATIONNAME = "RANGA REDDY NUKALA";
				TargetAttributes = {
					1D4DEF19240ACB5E00BB078A = {
						CreatedOnToolsVersion = 11.3.1;
					};
				};
			};
			buildConfigurationList = 1D4DEF15240ACB5E00BB078A /* Build configuration list for PBXProject "Starbucks" */;
			compatibilityVersion = "Xcode 9.3";
			developmentRegion = en;
			hasScannedForEncodings = 0;
			knownRegions = (
				en,
				Base,
			);
			mainGroup = 1D4DEF11240ACB5E00BB078A;
			productRefGroup = 1D4DEF1B240ACB5E00BB078A /* Products */;
			projectDirPath = "";
			projectRoot = "";
			targets = (
				1D4DEF19240ACB5E00BB078A /* Starbucks */,
			);
		};
/* End PBXProject section */

/* Begin PBXResourcesBuildPhase section */
		1D4DEF18240ACB5E00BB078A /* Resources */ = {
			isa = PBXResourcesBuildPhase;
			buildActionMask = 2147483647;
			files = (
				1D4DEF34240B9AA900BB078A /* starbucks.mp3 in Resources */,
				1D4DEF2A240ACB5F00BB078A /* LaunchScreen.storyboard in Resources */,
				1D4DEF27240ACB5F00BB078A /* Assets.xcassets in Resources */,
				1D4DEF25240ACB5E00BB078A /* Main.storyboard in Resources */,
			);
			runOnlyForDeploymentPostprocessing = 0;
		};
/* End PBXResourcesBuildPhase section */

/* Begin PBXSourcesBuildPhase section */
		1D4DEF16240ACB5E00BB078A /* Sources */ = {
			isa = PBXSourcesBuildPhase;
			buildActionMask = 2147483647;
			files = (
				1D4DEF22240ACB5E00BB078A /* ViewController.swift in Sources */,
				1D4DEF1E240ACB5E00BB078A /* AppDelegate.swift in Sources */,
				1D4DEF20240ACB5E00BB078A /* SceneDelegate.swift in Sources */,
			);
			runOnlyForDeploymentPostprocessing = 0;
		};
/* End PBXSourcesBuildPhase section */

/* Begin PBXVariantGroup section */
		1D4DEF23240ACB5E00BB078A /* Main.storyboard */ = {
			isa = PBXVariantGroup;
			children = (
				1D4DEF24240ACB5E00BB078A /* Base */,
			);
			name = Main.storyboard;
			sourceTree = "<group>";
		};
		1D4DEF28240ACB5F00BB078A /* LaunchScreen.storyboard */ = {
			isa = PBXVariantGroup;
			children = (
				1D4DEF29240ACB5F00BB078A /* Base */,
			);
			name = LaunchScreen.storyboard;
			sourceTree = "<group>";
		};
/* End PBXVariantGroup section */

/* Begin XCBuildConfiguration section */
		1D4DEF2C240ACB5F00BB078A /* Debug */ = {
			isa = XCBuildConfiguration;
			buildSettings = {
				ALWAYS_SEARCH_USER_PATHS = NO;
				CLANG_ANALYZER_NONNULL = YES;
				CLANG_ANALYZER_NUMBER_OBJECT_CONVERSION = YES_AGGRESSIVE;
				CLANG_CXX_LANGUAGE_STANDARD = "gnu++14";
				CLANG_CXX_LIBRARY = "libc++";
				CLANG_ENABLE_MODULES = YES;
				CLANG_ENABLE_OBJC_ARC = YES;
				CLANG_ENABLE_OBJC_WEAK = YES;
				CLANG_WARN_BLOCK_CAPTURE_AUTORELEASING = YES;
				CLANG_WARN_BOOL_CONVERSION = YES;
				CLANG_WARN_COMMA = YES;
				CLANG_WARN_CONSTANT_CONVERSION = YES;
				CLANG_WARN_DEPRECATED_OBJC_IMPLEMENTATIONS = YES;
				CLANG_WARN_DIRECT_OBJC_ISA_USAGE = YES_ERROR;
				CLANG_WARN_DOCUMENTATION_COMMENTS = YES;
				CLANG_WARN_EMPTY_BODY = YES;
				CLANG_WARN_ENUM_CONVERSION = YES;
				CLANG_WARN_INFINITE_RECURSION = YES;
				CLANG_WARN_INT_CONVERSION = YES;
				CLANG_WARN_NON_LITERAL_NULL_CONVERSION = YES;
				CLANG_WARN_OBJC_IMPLICIT_RETAIN_SELF = YES;
				CLANG_WARN_OBJC_LITERAL_CONVERSION = YES;
				CLANG_WARN_OBJC_ROOT_CLASS = YES_ERROR;
				CLANG_WARN_RANGE_LOOP_ANALYSIS = YES;
				CLANG_WARN_STRICT_PROTOTYPES = YES;
				CLANG_WARN_SUSPICIOUS_MOVE = YES;
				CLANG_WARN_UNGUARDED_AVAILABILITY = YES_AGGRESSIVE;
				CLANG_WARN_UNREACHABLE_CODE = YES;
				CLANG_WARN__DUPLICATE_METHOD_MATCH = YES;
				COPY_PHASE_STRIP = NO;
				DEBUG_INFORMATION_FORMAT = dwarf;
				ENABLE_STRICT_OBJC_MSGSEND = YES;
				ENABLE_TESTABILITY = YES;
				GCC_C_LANGUAGE_STANDARD = gnu11;
				GCC_DYNAMIC_NO_PIC = NO;
				GCC_NO_COMMON_BLOCKS = YES;
				GCC_OPTIMIZATION_LEVEL = 0;
				GCC_PREPROCESSOR_DEFINITIONS = (
					"DEBUG=1",
					"$(inherited)",
				);
				GCC_WARN_64_TO_32_BIT_CONVERSION = YES;
				GCC_WARN_ABOUT_RETURN_TYPE = YES_ERROR;
				GCC_WARN_UNDECLARED_SELECTOR = YES;
				GCC_WARN_UNINITIALIZED_AUTOS = YES_AGGRESSIVE;
				GCC_WARN_UNUSED_FUNCTION = YES;
				GCC_WARN_UNUSED_VARIABLE = YES;
				IPHONEOS_DEPLOYMENT_TARGET = 13.2;
				MTL_ENABLE_DEBUG_INFO = INCLUDE_SOURCE;
				MTL_FAST_MATH = YES;
				ONLY_ACTIVE_ARCH = YES;
				SDKROOT = iphoneos;
				SWIFT_ACTIVE_COMPILATION_CONDITIONS = DEBUG;
				SWIFT_OPTIMIZATION_LEVEL = "-Onone";
			};
			name = Debug;
		};
		1D4DEF2D240ACB5F00BB078A /* Release */ = {
			isa = XCBuildConfiguration;
			buildSettings = {
				ALWAYS_SEARCH_USER_PATHS = NO;
				CLANG_ANALYZER_NONNULL = YES;
				CLANG_ANALYZER_NUMBER_OBJECT_CONVERSION = YES_AGGRESSIVE;
				CLANG_CXX_LANGUAGE_STANDARD = "gnu++14";
				CLANG_CXX_LIBRARY = "libc++";
				CLANG_ENABLE_MODULES = YES;
				CLANG_ENABLE_OBJC_ARC = YES;
				CLANG_ENABLE_OBJC_WEAK = YES;
				CLANG_WARN_BLOCK_CAPTURE_AUTORELEASING = YES;
				CLANG_WARN_BOOL_CONVERSION = YES;
				CLANG_WARN_COMMA = YES;
				CLANG_WARN_CONSTANT_CONVERSION = YES;
				CLANG_WARN_DEPRECATED_OBJC_IMPLEMENTATIONS = YES;
				CLANG_WARN_DIRECT_OBJC_ISA_USAGE = YES_ERROR;
				CLANG_WARN_DOCUMENTATION_COMMENTS = YES;
				CLANG_WARN_EMPTY_BODY = YES;
				CLANG_WARN_ENUM_CONVERSION = YES;
				CLANG_WARN_INFINITE_RECURSION = YES;
				CLANG_WARN_INT_CONVERSION = YES;
				CLANG_WARN_NON_LITERAL_NULL_CONVERSION = YES;
				CLANG_WARN_OBJC_IMPLICIT_RETAIN_SELF = YES;
				CLANG_WARN_OBJC_LITERAL_CONVERSION = YES;
				CLANG_WARN_OBJC_ROOT_CLASS = YES_ERROR;
				CLANG_WARN_RANGE_LOOP_ANALYSIS = YES;
				CLANG_WARN_STRICT_PROTOTYPES = YES;
				CLANG_WARN_SUSPICIOUS_MOVE = YES;
				CLANG_WARN_UNGUARDED_AVAILABILITY = YES_AGGRESSIVE;
				CLANG_WARN_UNREACHABLE_CODE = YES;
				CLANG_WARN__DUPLICATE_METHOD_MATCH = YES;
				COPY_PHASE_STRIP = NO;
				DEBUG_INFORMATION_FORMAT = "dwarf-with-dsym";
				ENABLE_NS_ASSERTIONS = NO;
				ENABLE_STRICT_OBJC_MSGSEND = YES;
				GCC_C_LANGUAGE_STANDARD = gnu11;
				GCC_NO_COMMON_BLOCKS = YES;
				GCC_WARN_64_TO_32_BIT_CONVERSION = YES;
				GCC_WARN_ABOUT_RETURN_TYPE = YES_ERROR;
				GCC_WARN_UNDECLARED_SELECTOR = YES;
				GCC_WARN_UNINITIALIZED_AUTOS = YES_AGGRESSIVE;
				GCC_WARN_UNUSED_FUNCTION = YES;
				GCC_WARN_UNUSED_VARIABLE = YES;
				IPHONEOS_DEPLOYMENT_TARGET = 13.2;
				MTL_ENABLE_DEBUG_INFO = NO;
				MTL_FAST_MATH = YES;
				SDKROOT = iphoneos;
				SWIFT_COMPILATION_MODE = wholemodule;
				SWIFT_OPTIMIZATION_LEVEL = "-O";
				VALIDATE_PRODUCT = YES;
			};
			name = Release;
		};
		1D4DEF2F240ACB5F00BB078A /* Debug */ = {
			isa = XCBuildConfiguration;
			buildSettings = {
				ASSETCATALOG_COMPILER_APPICON_NAME = AppIcon;
				CODE_SIGN_STYLE = Automatic;
				INFOPLIST_FILE = Starbucks/Info.plist;
				LD_RUNPATH_SEARCH_PATHS = (
					"$(inherited)",
					"@executable_path/Frameworks",
				);
				PRODUCT_BUNDLE_IDENTIFIER = com.rangareddy.Starbucks;
				PRODUCT_NAME = "$(TARGET_NAME)";
				SWIFT_VERSION = 5.0;
				TARGETED_DEVICE_FAMILY = "1,2";
			};
			name = Debug;
		};
		1D4DEF30240ACB5F00BB078A /* Release */ = {
			isa = XCBuildConfiguration;
			buildSettings = {
				ASSETCATALOG_COMPILER_APPICON_NAME = AppIcon;
				CODE_SIGN_STYLE = Automatic;
				INFOPLIST_FILE = Starbucks/Info.plist;
				LD_RUNPATH_SEARCH_PATHS = (
					"$(inherited)",
					"@executable_path/Frameworks",
				);
				PRODUCT_BUNDLE_IDENTIFIER = com.rangareddy.Starbucks;
				PRODUCT_NAME = "$(TARGET_NAME)";
				SWIFT_VERSION = 5.0;
				TARGETED_DEVICE_FAMILY = "1,2";
			};
			name = Release;
		};
/* End XCBuildConfiguration section */

/* Begin XCConfigurationList section */
		1D4DEF15240ACB5E00BB078A /* Build configuration list for PBXProject "Starbucks" */ = {
			isa = XCConfigurationList;
			buildConfigurations = (
				1D4DEF2C240ACB5F00BB078A /* Debug */,
				1D4DEF2D240ACB5F00BB078A /* Release */,
			);
			defaultConfigurationIsVisible = 0;
			defaultConfigurationName = Release;
		};
		1D4DEF2E240ACB5F00BB078A /* Build configuration list for PBXNativeTarget "Starbucks" */ = {
			isa = XCConfigurationList;
			buildConfigurations = (
				1D4DEF2F240ACB5F00BB078A /* Debug */,
				1D4DEF30240ACB5F00BB078A /* Release */,
			);
			defaultConfigurationIsVisible = 0;
			defaultConfigurationName = Release;
		};
/* End XCConfigurationList section */
	};
	rootObject = 1D4DEF12240ACB5E00BB078A /* Project object */;
}
