// !$*UTF8*$!
{
	archiveVersion = 1;
	classes = {
	};
	objectVersion = 50;
	objects = {

/* Begin PBXBuildFile section */
		1DDFF14D2446196C004212B7 /* AppDelegate.swift in Sources */ = {isa = PBXBuildFile; fileRef = 1DDFF14C2446196C004212B7 /* AppDelegate.swift */; };
		1DDFF14F2446196C004212B7 /* SceneDelegate.swift in Sources */ = {isa = PBXBuildFile; fileRef = 1DDFF14E2446196C004212B7 /* SceneDelegate.swift */; };
		1DDFF1542446196C004212B7 /* Main.storyboard in Resources */ = {isa = PBXBuildFile; fileRef = 1DDFF1522446196C004212B7 /* Main.storyboard */; };
		1DDFF1562446196D004212B7 /* Assets.xcassets in Resources */ = {isa = PBXBuildFile; fileRef = 1DDFF1552446196D004212B7 /* Assets.xcassets */; };
		1DDFF1592446196D004212B7 /* LaunchScreen.storyboard in Resources */ = {isa = PBXBuildFile; fileRef = 1DDFF1572446196D004212B7 /* LaunchScreen.storyboard */; };
		1DDFF16124461FD2004212B7 /* Interest.swift in Sources */ = {isa = PBXBuildFile; fileRef = 1DDFF16024461FD2004212B7 /* Interest.swift */; };
		1DDFF16324463159004212B7 /* InterestCollectionViewCell.swift in Sources */ = {isa = PBXBuildFile; fileRef = 1DDFF16224463159004212B7 /* InterestCollectionViewCell.swift */; };
		1DDFF165244636D0004212B7 /* InteretsViewController.swift in Sources */ = {isa = PBXBuildFile; fileRef = 1DDFF164244636D0004212B7 /* InteretsViewController.swift */; };
/* End PBXBuildFile section */

/* Begin PBXFileReference section */
		1DDFF1492446196C004212B7 /* Carousel Effect.app */ = {isa = PBXFileReference; explicitFileType = wrapper.application; includeInIndex = 0; path = "Carousel Effect.app"; sourceTree = BUILT_PRODUCTS_DIR; };
		1DDFF14C2446196C004212B7 /* AppDelegate.swift */ = {isa = PBXFileReference; lastKnownFileType = sourcecode.swift; path = AppDelegate.swift; sourceTree = "<group>"; };
		1DDFF14E2446196C004212B7 /* SceneDelegate.swift */ = {isa = PBXFileReference; lastKnownFileType = sourcecode.swift; path = SceneDelegate.swift; sourceTree = "<group>"; };
		1DDFF1532446196C004212B7 /* Base */ = {isa = PBXFileReference; lastKnownFileType = file.storyboard; name = Base; path = Base.lproj/Main.storyboard; sourceTree = "<group>"; };
		1DDFF1552446196D004212B7 /* Assets.xcassets */ = {isa = PBXFileReference; lastKnownFileType = folder.assetcatalog; path = Assets.xcassets; sourceTree = "<group>"; };
		1DDFF1582446196D004212B7 /* Base */ = {isa = PBXFileReference; lastKnownFileType = file.storyboard; name = Base; path = Base.lproj/LaunchScreen.storyboard; sourceTree = "<group>"; };
		1DDFF15A2446196D004212B7 /* Info.plist */ = {isa = PBXFileReference; lastKnownFileType = text.plist.xml; path = Info.plist; sourceTree = "<group>"; };
		1DDFF16024461FD2004212B7 /* Interest.swift */ = {isa = PBXFileReference; lastKnownFileType = sourcecode.swift; path = Interest.swift; sourceTree = "<group>"; };
		1DDFF16224463159004212B7 /* InterestCollectionViewCell.swift */ = {isa = PBXFileReference; lastKnownFileType = sourcecode.swift; path = InterestCollectionViewCell.swift; sourceTree = "<group>"; };
		1DDFF164244636D0004212B7 /* InteretsViewController.swift */ = {isa = PBXFileReference; lastKnownFileType = sourcecode.swift; path = InteretsViewController.swift; sourceTree = "<group>"; };
/* End PBXFileReference section */

/* Begin PBXFrameworksBuildPhase section */
		1DDFF1462446196C004212B7 /* Frameworks */ = {
			isa = PBXFrameworksBuildPhase;
			buildActionMask = 2147483647;
			files = (
			);
			runOnlyForDeploymentPostprocessing = 0;
		};
/* End PBXFrameworksBuildPhase section */

/* Begin PBXGroup section */
		1DDFF1402446196C004212B7 = {
			isa = PBXGroup;
			children = (
				1DDFF14B2446196C004212B7 /* Carousel Effect */,
				1DDFF14A2446196C004212B7 /* Products */,
			);
			sourceTree = "<group>";
		};
		1DDFF14A2446196C004212B7 /* Products */ = {
			isa = PBXGroup;
			children = (
				1DDFF1492446196C004212B7 /* Carousel Effect.app */,
			);
			name = Products;
			sourceTree = "<group>";
		};
		1DDFF14B2446196C004212B7 /* Carousel Effect */ = {
			isa = PBXGroup;
			children = (
				1DDFF14C2446196C004212B7 /* AppDelegate.swift */,
				1DDFF14E2446196C004212B7 /* SceneDelegate.swift */,
				1DDFF16024461FD2004212B7 /* Interest.swift */,
				1DDFF16224463159004212B7 /* InterestCollectionViewCell.swift */,
				1DDFF164244636D0004212B7 /* InteretsViewController.swift */,
				1DDFF1522446196C004212B7 /* Main.storyboard */,
				1DDFF1552446196D004212B7 /* Assets.xcassets */,
				1DDFF1572446196D004212B7 /* LaunchScreen.storyboard */,
				1DDFF15A2446196D004212B7 /* Info.plist */,
			);
			path = "Carousel Effect";
			sourceTree = "<group>";
		};
/* End PBXGroup section */

/* Begin PBXNativeTarget section */
		1DDFF1482446196C004212B7 /* Carousel Effect */ = {
			isa = PBXNativeTarget;
			buildConfigurationList = 1DDFF15D2446196D004212B7 /* Build configuration list for PBXNativeTarget "Carousel Effect" */;
			buildPhases = (
				1DDFF1452446196C004212B7 /* Sources */,
				1DDFF1462446196C004212B7 /* Frameworks */,
				1DDFF1472446196C004212B7 /* Resources */,
			);
			buildRules = (
			);
			dependencies = (
			);
			name = "Carousel Effect";
			productName = "Carousel Effect";
			productReference = 1DDFF1492446196C004212B7 /* Carousel Effect.app */;
			productType = "com.apple.product-type.application";
		};
/* End PBXNativeTarget section */

/* Begin PBXProject section */
		1DDFF1412446196C004212B7 /* Project object */ = {
			isa = PBXProject;
			attributes = {
				LastSwiftUpdateCheck = 1130;
				LastUpgradeCheck = 1130;
				ORGANIZATIONNAME = "RANGA REDDY NUKALA";
				TargetAttributes = {
					1DDFF1482446196C004212B7 = {
						CreatedOnToolsVersion = 11.3.1;
					};
				};
			};
			buildConfigurationList = 1DDFF1442446196C004212B7 /* Build configuration list for PBXProject "Carousel Effect" */;
			compatibilityVersion = "Xcode 9.3";
			developmentRegion = en;
			hasScannedForEncodings = 0;
			knownRegions = (
				en,
				Base,
			);
			mainGroup = 1DDFF1402446196C004212B7;
			productRefGroup = 1DDFF14A2446196C004212B7 /* Products */;
			projectDirPath = "";
			projectRoot = "";
			targets = (
				1DDFF1482446196C004212B7 /* Carousel Effect */,
			);
		};
/* End PBXProject section */

/* Begin PBXResourcesBuildPhase section */
		1DDFF1472446196C004212B7 /* Resources */ = {
			isa = PBXResourcesBuildPhase;
			buildActionMask = 2147483647;
			files = (
				1DDFF1592446196D004212B7 /* LaunchScreen.storyboard in Resources */,
				1DDFF1562446196D004212B7 /* Assets.xcassets in Resources */,
				1DDFF1542446196C004212B7 /* Main.storyboard in Resources */,
			);
			runOnlyForDeploymentPostprocessing = 0;
		};
/* End PBXResourcesBuildPhase section */

/* Begin PBXSourcesBuildPhase section */
		1DDFF1452446196C004212B7 /* Sources */ = {
			isa = PBXSourcesBuildPhase;
			buildActionMask = 2147483647;
			files = (
				1DDFF16324463159004212B7 /* InterestCollectionViewCell.swift in Sources */,
				1DDFF14D2446196C004212B7 /* AppDelegate.swift in Sources */,
				1DDFF165244636D0004212B7 /* InteretsViewController.swift in Sources */,
				1DDFF14F2446196C004212B7 /* SceneDelegate.swift in Sources */,
				1DDFF16124461FD2004212B7 /* Interest.swift in Sources */,
			);
			runOnlyForDeploymentPostprocessing = 0;
		};
/* End PBXSourcesBuildPhase section */

/* Begin PBXVariantGroup section */
		1DDFF1522446196C004212B7 /* Main.storyboard */ = {
			isa = PBXVariantGroup;
			children = (
				1DDFF1532446196C004212B7 /* Base */,
			);
			name = Main.storyboard;
			sourceTree = "<group>";
		};
		1DDFF1572446196D004212B7 /* LaunchScreen.storyboard */ = {
			isa = PBXVariantGroup;
			children = (
				1DDFF1582446196D004212B7 /* Base */,
			);
			name = LaunchScreen.storyboard;
			sourceTree = "<group>";
		};
/* End PBXVariantGroup section */

/* Begin XCBuildConfiguration section */
		1DDFF15B2446196D004212B7 /* Debug */ = {
			isa = XCBuildConfiguration;
			buildSettings = {
				ALWAYS_SEARCH_USER_PATHS = NO;
				CLANG_ANALYZER_NONNULL = YES;
				CLANG_ANALYZER_NUMBER_OBJECT_CONVERSION = YES_AGGRESSIVE;
				CLANG_CXX_LANGUAGE_STANDARD = "gnu++14";
				CLANG_CXX_LIBRARY = "libc++";
				CLANG_ENABLE_MODULES = YES;
				CLANG_ENABLE_OBJC_ARC = YES;
				CLANG_ENABLE_OBJC_WEAK = YES;
				CLANG_WARN_BLOCK_CAPTURE_AUTORELEASING = YES;
				CLANG_WARN_BOOL_CONVERSION = YES;
				CLANG_WARN_COMMA = YES;
				CLANG_WARN_CONSTANT_CONVERSION = YES;
				CLANG_WARN_DEPRECATED_OBJC_IMPLEMENTATIONS = YES;
				CLANG_WARN_DIRECT_OBJC_ISA_USAGE = YES_ERROR;
				CLANG_WARN_DOCUMENTATION_COMMENTS = YES;
				CLANG_WARN_EMPTY_BODY = YES;
				CLANG_WARN_ENUM_CONVERSION = YES;
				CLANG_WARN_INFINITE_RECURSION = YES;
				CLANG_WARN_INT_CONVERSION = YES;
				CLANG_WARN_NON_LITERAL_NULL_CONVERSION = YES;
				CLANG_WARN_OBJC_IMPLICIT_RETAIN_SELF = YES;
				CLANG_WARN_OBJC_LITERAL_CONVERSION = YES;
				CLANG_WARN_OBJC_ROOT_CLASS = YES_ERROR;
				CLANG_WARN_RANGE_LOOP_ANALYSIS = YES;
				CLANG_WARN_STRICT_PROTOTYPES = YES;
				CLANG_WARN_SUSPICIOUS_MOVE = YES;
				CLANG_WARN_UNGUARDED_AVAILABILITY = YES_AGGRESSIVE;
				CLANG_WARN_UNREACHABLE_CODE = YES;
				CLANG_WARN__DUPLICATE_METHOD_MATCH = YES;
				COPY_PHASE_STRIP = NO;
				DEBUG_INFORMATION_FORMAT = dwarf;
				ENABLE_STRICT_OBJC_MSGSEND = YES;
				ENABLE_TESTABILITY = YES;
				GCC_C_LANGUAGE_STANDARD = gnu11;
				GCC_DYNAMIC_NO_PIC = NO;
				GCC_NO_COMMON_BLOCKS = YES;
				GCC_OPTIMIZATION_LEVEL = 0;
				GCC_PREPROCESSOR_DEFINITIONS = (
					"DEBUG=1",
					"$(inherited)",
				);
				GCC_WARN_64_TO_32_BIT_CONVERSION = YES;
				GCC_WARN_ABOUT_RETURN_TYPE = YES_ERROR;
				GCC_WARN_UNDECLARED_SELECTOR = YES;
				GCC_WARN_UNINITIALIZED_AUTOS = YES_AGGRESSIVE;
				GCC_WARN_UNUSED_FUNCTION = YES;
				GCC_WARN_UNUSED_VARIABLE = YES;
				IPHONEOS_DEPLOYMENT_TARGET = 13.2;
				MTL_ENABLE_DEBUG_INFO = INCLUDE_SOURCE;
				MTL_FAST_MATH = YES;
				ONLY_ACTIVE_ARCH = YES;
				SDKROOT = iphoneos;
				SWIFT_ACTIVE_COMPILATION_CONDITIONS = DEBUG;
				SWIFT_OPTIMIZATION_LEVEL = "-Onone";
			};
			name = Debug;
		};
		1DDFF15C2446196D004212B7 /* Release */ = {
			isa = XCBuildConfiguration;
			buildSettings = {
				ALWAYS_SEARCH_USER_PATHS = NO;
				CLANG_ANALYZER_NONNULL = YES;
				CLANG_ANALYZER_NUMBER_OBJECT_CONVERSION = YES_AGGRESSIVE;
				CLANG_CXX_LANGUAGE_STANDARD = "gnu++14";
				CLANG_CXX_LIBRARY = "libc++";
				CLANG_ENABLE_MODULES = YES;
				CLANG_ENABLE_OBJC_ARC = YES;
				CLANG_ENABLE_OBJC_WEAK = YES;
				CLANG_WARN_BLOCK_CAPTURE_AUTORELEASING = YES;
				CLANG_WARN_BOOL_CONVERSION = YES;
				CLANG_WARN_COMMA = YES;
				CLANG_WARN_CONSTANT_CONVERSION = YES;
				CLANG_WARN_DEPRECATED_OBJC_IMPLEMENTATIONS = YES;
				CLANG_WARN_DIRECT_OBJC_ISA_USAGE = YES_ERROR;
				CLANG_WARN_DOCUMENTATION_COMMENTS = YES;
				CLANG_WARN_EMPTY_BODY = YES;
				CLANG_WARN_ENUM_CONVERSION = YES;
				CLANG_WARN_INFINITE_RECURSION = YES;
				CLANG_WARN_INT_CONVERSION = YES;
				CLANG_WARN_NON_LITERAL_NULL_CONVERSION = YES;
				CLANG_WARN_OBJC_IMPLICIT_RETAIN_SELF = YES;
				CLANG_WARN_OBJC_LITERAL_CONVERSION = YES;
				CLANG_WARN_OBJC_ROOT_CLASS = YES_ERROR;
				CLANG_WARN_RANGE_LOOP_ANALYSIS = YES;
				CLANG_WARN_STRICT_PROTOTYPES = YES;
				CLANG_WARN_SUSPICIOUS_MOVE = YES;
				CLANG_WARN_UNGUARDED_AVAILABILITY = YES_AGGRESSIVE;
				CLANG_WARN_UNREACHABLE_CODE = YES;
				CLANG_WARN__DUPLICATE_METHOD_MATCH = YES;
				COPY_PHASE_STRIP = NO;
				DEBUG_INFORMATION_FORMAT = "dwarf-with-dsym";
				ENABLE_NS_ASSERTIONS = NO;
				ENABLE_STRICT_OBJC_MSGSEND = YES;
				GCC_C_LANGUAGE_STANDARD = gnu11;
				GCC_NO_COMMON_BLOCKS = YES;
				GCC_WARN_64_TO_32_BIT_CONVERSION = YES;
				GCC_WARN_ABOUT_RETURN_TYPE = YES_ERROR;
				GCC_WARN_UNDECLARED_SELECTOR = YES;
				GCC_WARN_UNINITIALIZED_AUTOS = YES_AGGRESSIVE;
				GCC_WARN_UNUSED_FUNCTION = YES;
				GCC_WARN_UNUSED_VARIABLE = YES;
				IPHONEOS_DEPLOYMENT_TARGET = 13.2;
				MTL_ENABLE_DEBUG_INFO = NO;
				MTL_FAST_MATH = YES;
				SDKROOT = iphoneos;
				SWIFT_COMPILATION_MODE = wholemodule;
				SWIFT_OPTIMIZATION_LEVEL = "-O";
				VALIDATE_PRODUCT = YES;
			};
			name = Release;
		};
		1DDFF15E2446196D004212B7 /* Debug */ = {
			isa = XCBuildConfiguration;
			buildSettings = {
				ASSETCATALOG_COMPILER_APPICON_NAME = AppIcon;
				CODE_SIGN_STYLE = Automatic;
				DEVELOPMENT_TEAM = XU9WC44F8F;
				INFOPLIST_FILE = "Carousel Effect/Info.plist";
				LD_RUNPATH_SEARCH_PATHS = (
					"$(inherited)",
					"@executable_path/Frameworks",
				);
				PRODUCT_BUNDLE_IDENTIFIER = "com.rangareddy.Carousel-Effect";
				PRODUCT_NAME = "$(TARGET_NAME)";
				SWIFT_VERSION = 5.0;
				TARGETED_DEVICE_FAMILY = "1,2";
			};
			name = Debug;
		};
		1DDFF15F2446196D004212B7 /* Release */ = {
			isa = XCBuildConfiguration;
			buildSettings = {
				ASSETCATALOG_COMPILER_APPICON_NAME = AppIcon;
				CODE_SIGN_STYLE = Automatic;
				DEVELOPMENT_TEAM = XU9WC44F8F;
				INFOPLIST_FILE = "Carousel Effect/Info.plist";
				LD_RUNPATH_SEARCH_PATHS = (
					"$(inherited)",
					"@executable_path/Frameworks",
				);
				PRODUCT_BUNDLE_IDENTIFIER = "com.rangareddy.Carousel-Effect";
				PRODUCT_NAME = "$(TARGET_NAME)";
				SWIFT_VERSION = 5.0;
				TARGETED_DEVICE_FAMILY = "1,2";
			};
			name = Release;
		};
/* End XCBuildConfiguration section */

/* Begin XCConfigurationList section */
		1DDFF1442446196C004212B7 /* Build configuration list for PBXProject "Carousel Effect" */ = {
			isa = XCConfigurationList;
			buildConfigurations = (
				1DDFF15B2446196D004212B7 /* Debug */,
				1DDFF15C2446196D004212B7 /* Release */,
			);
			defaultConfigurationIsVisible = 0;
			defaultConfigurationName = Release;
		};
		1DDFF15D2446196D004212B7 /* Build configuration list for PBXNativeTarget "Carousel Effect" */ = {
			isa = XCConfigurationList;
			buildConfigurations = (
				1DDFF15E2446196D004212B7 /* Debug */,
				1DDFF15F2446196D004212B7 /* Release */,
			);
			defaultConfigurationIsVisible = 0;
			defaultConfigurationName = Release;
		};
/* End XCConfigurationList section */
	};
	rootObject = 1DDFF1412446196C004212B7 /* Project object */;
}
